
Microsoft Visual Studio Solution File, Format Version 12.00
# Visual Studio Version 17
VisualStudioVersion = 17.2.32616.157
MinimumVisualStudioVersion = 10.0.40219.1
Project("{FAE04EC0-301F-11D3-BF4B-00C04F79EFBC}") = "Projeto.Felipe.API", "Projeto.Felipe.API\Projeto.Felipe.API.csproj", "{005433B6-5673-44B9-8099-3EC6F754465A}"
EndProject
Global
	GlobalSection(SolutionConfigurationPlatforms) = preSolution
		Debug|Any CPU = Debug|Any CPU
		Release|Any CPU = Release|Any CPU
	EndGlobalSection
	GlobalSection(ProjectConfigurationPlatforms) = postSolution
		{005433B6-5673-44B9-8099-3EC6F754465A}.Debug|Any CPU.ActiveCfg = Debug|Any CPU
		{005433B6-5673-44B9-8099-3EC6F754465A}.Debug|Any CPU.Build.0 = Debug|Any CPU
		{005433B6-5673-44B9-8099-3EC6F754465A}.Release|Any CPU.ActiveCfg = Release|Any CPU
		{005433B6-5673-44B9-8099-3EC6F754465A}.Release|Any CPU.Build.0 = Release|Any CPU
	EndGlobalSection
	GlobalSection(SolutionProperties) = preSolution
		HideSolutionNode = FALSE
	EndGlobalSection
	GlobalSection(ExtensibilityGlobals) = postSolution
		SolutionGuid = {89CC5C16-BE33-4C9C-943F-DCC00ACDD041}
	EndGlobalSection
EndGlobal
